
Microsoft Visual Studio Solution File, Format Version 12.00
# Visual Studio Version 17
VisualStudioVersion = 17.5.33516.290
MinimumVisualStudioVersion = 10.0.40219.1
Project("{FAE04EC0-301F-11D3-BF4B-00C04F79EFBC}") = "PracticaGrupo4", "PracticaGrupo4.csproj", "{3C69393C-8DC0-40E9-8EA7-3D6ACF9826A8}"
EndProject
Global
	GlobalSection(SolutionConfigurationPlatforms) = preSolution
		Debug|Any CPU = Debug|Any CPU
		Release|Any CPU = Release|Any CPU
	EndGlobalSection
	GlobalSection(ProjectConfigurationPlatforms) = postSolution
		{3C69393C-8DC0-40E9-8EA7-3D6ACF9826A8}.Debug|Any CPU.ActiveCfg = Debug|Any CPU
		{3C69393C-8DC0-40E9-8EA7-3D6ACF9826A8}.Debug|Any CPU.Build.0 = Debug|Any CPU
		{3C69393C-8DC0-40E9-8EA7-3D6ACF9826A8}.Release|Any CPU.ActiveCfg = Release|Any CPU
		{3C69393C-8DC0-40E9-8EA7-3D6ACF9826A8}.Release|Any CPU.Build.0 = Release|Any CPU
	EndGlobalSection
	GlobalSection(SolutionProperties) = preSolution
		HideSolutionNode = FALSE
	EndGlobalSection
	GlobalSection(ExtensibilityGlobals) = postSolution
		SolutionGuid = {4F9C80AA-3A36-4D95-B2F0-9E459812FF1A}
	EndGlobalSection
EndGlobal
