
Microsoft Visual Studio Solution File, Format Version 12.00
# Visual Studio Version 17
VisualStudioVersion = 17.5.33516.290
MinimumVisualStudioVersion = 10.0.40219.1
Project("{FAE04EC0-301F-11D3-BF4B-00C04F79EFBC}") = "PracticaGrupo4", "PracticaGrupo4.csproj", "{FCD88676-98E2-4959-ADB9-1024E1A2FD0B}"
EndProject
Global
	GlobalSection(SolutionConfigurationPlatforms) = preSolution
		Debug|Any CPU = Debug|Any CPU
		Release|Any CPU = Release|Any CPU
	EndGlobalSection
	GlobalSection(ProjectConfigurationPlatforms) = postSolution
		{FCD88676-98E2-4959-ADB9-1024E1A2FD0B}.Debug|Any CPU.ActiveCfg = Debug|Any CPU
		{FCD88676-98E2-4959-ADB9-1024E1A2FD0B}.Debug|Any CPU.Build.0 = Debug|Any CPU
		{FCD88676-98E2-4959-ADB9-1024E1A2FD0B}.Release|Any CPU.ActiveCfg = Release|Any CPU
		{FCD88676-98E2-4959-ADB9-1024E1A2FD0B}.Release|Any CPU.Build.0 = Release|Any CPU
	EndGlobalSection
	GlobalSection(SolutionProperties) = preSolution
		HideSolutionNode = FALSE
	EndGlobalSection
	GlobalSection(ExtensibilityGlobals) = postSolution
		SolutionGuid = {0D21D970-CB8A-44CF-877A-AD06A9EBBDBE}
	EndGlobalSection
EndGlobal
